
Microsoft Visual Studio Solution File, Format Version 12.00
# Visual Studio Version 17
VisualStudioVersion = 17.13.35825.156 d17.13
MinimumVisualStudioVersion = 10.0.40219.1
Project("{FAE04EC0-301F-11D3-BF4B-00C04F79EFBC}") = "segundo formulario", "segundo formulario.csproj", "{860FAF25-639F-45D4-BFD8-1A8B73A1ED5E}"
EndProject
Global
	GlobalSection(SolutionConfigurationPlatforms) = preSolution
		Debug|Any CPU = Debug|Any CPU
		Release|Any CPU = Release|Any CPU
	EndGlobalSection
	GlobalSection(ProjectConfigurationPlatforms) = postSolution
		{860FAF25-639F-45D4-BFD8-1A8B73A1ED5E}.Debug|Any CPU.ActiveCfg = Debug|Any CPU
		{860FAF25-639F-45D4-BFD8-1A8B73A1ED5E}.Debug|Any CPU.Build.0 = Debug|Any CPU
		{860FAF25-639F-45D4-BFD8-1A8B73A1ED5E}.Release|Any CPU.ActiveCfg = Release|Any CPU
		{860FAF25-639F-45D4-BFD8-1A8B73A1ED5E}.Release|Any CPU.Build.0 = Release|Any CPU
	EndGlobalSection
	GlobalSection(SolutionProperties) = preSolution
		HideSolutionNode = FALSE
	EndGlobalSection
	GlobalSection(ExtensibilityGlobals) = postSolution
		SolutionGuid = {9DD569B7-4093-47E6-A46A-1BEB35B63EE7}
	EndGlobalSection
EndGlobal
